
Microsoft Visual Studio Solution File, Format Version 12.00
Project("{FAE04EC0-301F-11D3-BF4B-00C04F79EFBC}") = "MattParkerDev.WebUI", "src\MattParkerDev.WebUI\MattParkerDev.WebUI.csproj", "{E2D861CE-2639-4262-A7E2-1CF2A084AB91}"
EndProject
Project("{2150E333-8FDC-42A3-9474-1A3956D46DE8}") = "Solution Items", "Solution Items", "{3CC3C8D7-8A44-49A6-A633-A12EAFE3199A}"
	ProjectSection(SolutionItems) = preProject
		README.md = README.md
		.gitignore = .gitignore
		.csharpierrc = .csharpierrc
		global.json = global.json
	EndProjectSection
EndProject
Global
	GlobalSection(SolutionConfigurationPlatforms) = preSolution
		Debug|Any CPU = Debug|Any CPU
		Release|Any CPU = Release|Any CPU
	EndGlobalSection
	GlobalSection(ProjectConfigurationPlatforms) = postSolution
		{E2D861CE-2639-4262-A7E2-1CF2A084AB91}.Debug|Any CPU.ActiveCfg = Debug|Any CPU
		{E2D861CE-2639-4262-A7E2-1CF2A084AB91}.Debug|Any CPU.Build.0 = Debug|Any CPU
		{E2D861CE-2639-4262-A7E2-1CF2A084AB91}.Release|Any CPU.ActiveCfg = Release|Any CPU
		{E2D861CE-2639-4262-A7E2-1CF2A084AB91}.Release|Any CPU.Build.0 = Release|Any CPU
	EndGlobalSection
EndGlobal
